{
  "name": "typescript-flake-project-with-transitive-extra-dependency",
  "version": "1.0.0",
  "lockfileVersion": 2,
  "requires": true,
  "packages": {
    "": {
      "name": "typescript-flake-project-with-transitive-extra-dependency",
      "version": "1.0.0",
      "license": "ISC",
      "dependencies": {
        "typescript": "^5.3.3",
        "typescript-flake-project": "file:.extra-dependencies/typescript-flake-project-1.0.0.tgz",
        "typescript-flake-project-with-extra-dependency": "file:.extra-dependencies/typescript-flake-project-with-extra-dependency-1.0.0.tgz"
      }
    },
    "node_modules/typescript": {
      "version": "5.3.3",
      "resolved": "https://registry.npmjs.org/typescript/-/typescript-5.3.3.tgz",
      "integrity": "sha512-pXWcraxM0uxAS+tN0AG/BF2TyqmHO014Z070UsJ+pFvYuRSq8KH8DmWpnbXe0pEPDHXZV3FcAbJkijJ5oNEnWw==",
      "bin": {
        "tsc": "bin/tsc",
        "tsserver": "bin/tsserver"
      },
      "engines": {
        "node": ">=14.17"
      }
    },
    "node_modules/typescript-flake-project": {
      "version": "1.0.0",
      "resolved": "file:.extra-dependencies/typescript-flake-project-1.0.0.tgz",
      "integrity": "sha512-LLp/UjeuSqoBa4URLwr7wqi8ndCHHC8SP0uHC/e/gbWVmk9GuCYplB+lRsjjN5q7VVG53eM+OdrVYwuAjpk5PA==",
      "license": "ISC",
      "dependencies": {
        "typescript": "^5.3.3"
      }
    },
    "node_modules/typescript-flake-project-with-extra-dependency": {
      "version": "1.0.0",
      "resolved": "file:.extra-dependencies/typescript-flake-project-with-extra-dependency-1.0.0.tgz",
      "integrity": "sha512-l7BG/xhEqUH2X+jVrXtK3FxRTEARrM46IIcxenzraRcCbETjhXRl984yxDW8qsEl06Pgnaa6/DDXM8TyGGv2Dg==",
      "license": "ISC",
      "dependencies": {
        "typescript": "^5.3.3",
        "typescript-flake-project": "file:.extra-dependencies/typescript-flake-project-1.0.0.tgz"
      }
    }
  },
  "dependencies": {
    "typescript": {
      "version": "5.3.3",
      "resolved": "https://registry.npmjs.org/typescript/-/typescript-5.3.3.tgz",
      "integrity": "sha512-pXWcraxM0uxAS+tN0AG/BF2TyqmHO014Z070UsJ+pFvYuRSq8KH8DmWpnbXe0pEPDHXZV3FcAbJkijJ5oNEnWw=="
    },
    "typescript-flake-project": {
      "version": "file:.extra-dependencies/typescript-flake-project-1.0.0.tgz",
      "integrity": "sha512-LLp/UjeuSqoBa4URLwr7wqi8ndCHHC8SP0uHC/e/gbWVmk9GuCYplB+lRsjjN5q7VVG53eM+OdrVYwuAjpk5PA==",
      "requires": {
        "typescript": "^5.3.3"
      }
    },
    "typescript-flake-project-with-extra-dependency": {
      "version": "file:.extra-dependencies/typescript-flake-project-with-extra-dependency-1.0.0.tgz",
      "integrity": "sha512-l7BG/xhEqUH2X+jVrXtK3FxRTEARrM46IIcxenzraRcCbETjhXRl984yxDW8qsEl06Pgnaa6/DDXM8TyGGv2Dg==",
      "requires": {
        "typescript": "^5.3.3",
        "typescript-flake-project": "file:.extra-dependencies/typescript-flake-project-1.0.0.tgz"
      }
    }
  }
}
